// !$*UTF8*$!
{
	archiveVersion = 1;
	classes = {
	};
	objectVersion = 46;
	objects = {

/* Begin PBXBuildFile section */
		400DB0971EA005A000F637F0 /* ComplicationController.swift in Sources */ = {isa = PBXBuildFile; fileRef = 400DB0961EA005A000F637F0 /* ComplicationController.swift */; };
		4076077E1E8183AF00A6A8EA /* SessionCommands.swift in Sources */ = {isa = PBXBuildFile; fileRef = 4076077C1E8183AF00A6A8EA /* SessionCommands.swift */; };
		407607861E81A7F000A6A8EA /* TestDataProvider.swift in Sources */ = {isa = PBXBuildFile; fileRef = 407607851E81A7F000A6A8EA /* TestDataProvider.swift */; };
		407607871E81A7F000A6A8EA /* TestDataProvider.swift in Sources */ = {isa = PBXBuildFile; fileRef = 407607851E81A7F000A6A8EA /* TestDataProvider.swift */; };
		4084B0231EA057EF00ACA046 /* SessionCommands.swift in Sources */ = {isa = PBXBuildFile; fileRef = 4076077C1E8183AF00A6A8EA /* SessionCommands.swift */; };
		40AF22991F29236300E6D1A8 /* SessionDelegater.swift in Sources */ = {isa = PBXBuildFile; fileRef = 40AF22981F29236300E6D1A8 /* SessionDelegater.swift */; };
		40AF229A1F29236300E6D1A8 /* SessionDelegater.swift in Sources */ = {isa = PBXBuildFile; fileRef = 40AF22981F29236300E6D1A8 /* SessionDelegater.swift */; };
		40C02A9A20A27F28006F07AE /* CommandsViewController.swift in Sources */ = {isa = PBXBuildFile; fileRef = 40C02A9920A27F28006F07AE /* CommandsViewController.swift */; };
		40D46F4F1E8065200077A7B7 /* AppDelegate.swift in Sources */ = {isa = PBXBuildFile; fileRef = 40D46F4E1E8065200077A7B7 /* AppDelegate.swift */; };
		40D46F511E8065200077A7B7 /* MainViewController.swift in Sources */ = {isa = PBXBuildFile; fileRef = 40D46F501E8065200077A7B7 /* MainViewController.swift */; };
		40D46F541E8065200077A7B7 /* Main.storyboard in Resources */ = {isa = PBXBuildFile; fileRef = 40D46F521E8065200077A7B7 /* Main.storyboard */; };
		40D46F561E8065200077A7B7 /* Assets.xcassets in Resources */ = {isa = PBXBuildFile; fileRef = 40D46F551E8065200077A7B7 /* Assets.xcassets */; };
		40D46F591E8065200077A7B7 /* LaunchScreen.storyboard in Resources */ = {isa = PBXBuildFile; fileRef = 40D46F571E8065200077A7B7 /* LaunchScreen.storyboard */; };
		40D46F5E1E8065200077A7B7 /* BlueBuzz WatchKit App.app in Embed Watch Content */ = {isa = PBXBuildFile; fileRef = 40D46F5D1E8065200077A7B7 /* BlueBuzz WatchKit App.app */; };
		40D46F641E8065200077A7B7 /* Interface.storyboard in Resources */ = {isa = PBXBuildFile; fileRef = 40D46F621E8065200077A7B7 /* Interface.storyboard */; };
		40D46F661E8065200077A7B7 /* Assets.xcassets in Resources */ = {isa = PBXBuildFile; fileRef = 40D46F651E8065200077A7B7 /* Assets.xcassets */; };
		40D46F6D1E8065200077A7B7 /* BlueBuzz WatchKit Extension.appex in Embed App Extensions */ = {isa = PBXBuildFile; fileRef = 40D46F6C1E8065200077A7B7 /* BlueBuzz WatchKit Extension.appex */; settings = {ATTRIBUTES = (RemoveHeadersOnCopy, ); }; };
		40D46F721E8065200077A7B7 /* MainInterfaceController.swift in Sources */ = {isa = PBXBuildFile; fileRef = 40D46F711E8065200077A7B7 /* MainInterfaceController.swift */; };
		40D46F741E8065200077A7B7 /* ExtensionDelegate.swift in Sources */ = {isa = PBXBuildFile; fileRef = 40D46F731E8065200077A7B7 /* ExtensionDelegate.swift */; };
		40D46F761E8065200077A7B7 /* Assets.xcassets in Resources */ = {isa = PBXBuildFile; fileRef = 40D46F751E8065200077A7B7 /* Assets.xcassets */; };
		40D8B77920A554A5005F7D76 /* CommandStatus.swift in Sources */ = {isa = PBXBuildFile; fileRef = 40D8B77820A554A5005F7D76 /* CommandStatus.swift */; };
		40D8B77A20A554A5005F7D76 /* CommandStatus.swift in Sources */ = {isa = PBXBuildFile; fileRef = 40D8B77820A554A5005F7D76 /* CommandStatus.swift */; };
		40DC7D0F1EA8186200A93AFB /* Logger.swift in Sources */ = {isa = PBXBuildFile; fileRef = 40DC7D0E1EA8186200A93AFB /* Logger.swift */; };
		40DC7D101EA8186200A93AFB /* Logger.swift in Sources */ = {isa = PBXBuildFile; fileRef = 40DC7D0E1EA8186200A93AFB /* Logger.swift */; };
		40DD4D8E1EA6B7510074E73F /* Settings-Watch.bundle in Resources */ = {isa = PBXBuildFile; fileRef = 40DD4D8D1EA6B7510074E73F /* Settings-Watch.bundle */; };
		E60460DC22E1642600B29482 /* ModelController.swift in Sources */ = {isa = PBXBuildFile; fileRef = E60460DB22E1642600B29482 /* ModelController.swift */; };
		E60460DE22E1642D00B29482 /* RootViewController.swift in Sources */ = {isa = PBXBuildFile; fileRef = E60460DD22E1642D00B29482 /* RootViewController.swift */; };
		E6140ED422DB79A800B961F0 /* CoreLocation.framework in Frameworks */ = {isa = PBXBuildFile; fileRef = E6140ED322DB79A800B961F0 /* CoreLocation.framework */; };
		E62DC66123050D8D000C7015 /* AirPodsController.swift in Sources */ = {isa = PBXBuildFile; fileRef = E62DC66023050D8D000C7015 /* AirPodsController.swift */; };
		E64DFB0022D1A65B00C91B3D /* UserNotifications.framework in Frameworks */ = {isa = PBXBuildFile; fileRef = E64DFAFF22D1A65B00C91B3D /* UserNotifications.framework */; };
		E66EE1D822FF930D00C954FF /* FeedbackViewController.swift in Sources */ = {isa = PBXBuildFile; fileRef = E66EE1D722FF930D00C954FF /* FeedbackViewController.swift */; };
		E66EE1DF22FF95C500C954FF /* FormControl.swift in Sources */ = {isa = PBXBuildFile; fileRef = E66EE1DC22FF95C500C954FF /* FormControl.swift */; };
		E66EE1E022FF95C500C954FF /* Form.swift in Sources */ = {isa = PBXBuildFile; fileRef = E66EE1DD22FF95C500C954FF /* Form.swift */; };
		E66EE1E122FF95C500C954FF /* TextField.swift in Sources */ = {isa = PBXBuildFile; fileRef = E66EE1DE22FF95C500C954FF /* TextField.swift */; };
		E66EE1E722FFC29F00C954FF /* UsernameValidator.swift in Sources */ = {isa = PBXBuildFile; fileRef = E66EE1E322FFC29F00C954FF /* UsernameValidator.swift */; };
		E66EE1E822FFC29F00C954FF /* Validator.swift in Sources */ = {isa = PBXBuildFile; fileRef = E66EE1E422FFC29F00C954FF /* Validator.swift */; };
		E66EE1E922FFC29F00C954FF /* PasswordValidator.swift in Sources */ = {isa = PBXBuildFile; fileRef = E66EE1E522FFC29F00C954FF /* PasswordValidator.swift */; };
		E66EE1EA22FFC29F00C954FF /* EmailValidator.swift in Sources */ = {isa = PBXBuildFile; fileRef = E66EE1E622FFC29F00C954FF /* EmailValidator.swift */; };
		E6B6421C22DD6569002254D3 /* Settings-Watch.bundle in Resources */ = {isa = PBXBuildFile; fileRef = 40DD4D8D1EA6B7510074E73F /* Settings-Watch.bundle */; };
		E6B6421D22DD656B002254D3 /* Settings-Watch.bundle in Resources */ = {isa = PBXBuildFile; fileRef = 40DD4D8D1EA6B7510074E73F /* Settings-Watch.bundle */; };
		E6DAE69722F70C3D0086AC23 /* Variables.swift in Sources */ = {isa = PBXBuildFile; fileRef = E6DAE69622F70C3D0086AC23 /* Variables.swift */; };
		E6DAE69822F70C3D0086AC23 /* Variables.swift in Sources */ = {isa = PBXBuildFile; fileRef = E6DAE69622F70C3D0086AC23 /* Variables.swift */; };
		E6DAE69A22F750BE0086AC23 /* SwiftyFormat.swift in Sources */ = {isa = PBXBuildFile; fileRef = E6DAE69922F750BE0086AC23 /* SwiftyFormat.swift */; };
		E6DAE69B22F750BE0086AC23 /* SwiftyFormat.swift in Sources */ = {isa = PBXBuildFile; fileRef = E6DAE69922F750BE0086AC23 /* SwiftyFormat.swift */; };
		E6EFFF6F2313076000EEBC64 /* SplashController.swift in Sources */ = {isa = PBXBuildFile; fileRef = E6EFFF6E2313076000EEBC64 /* SplashController.swift */; };
/* End PBXBuildFile section */

/* Begin PBXContainerItemProxy section */
		40D46F5F1E8065200077A7B7 /* PBXContainerItemProxy */ = {
			isa = PBXContainerItemProxy;
			containerPortal = 40D46F431E8065200077A7B7 /* Project object */;
			proxyType = 1;
			remoteGlobalIDString = 40D46F5C1E8065200077A7B7;
			remoteInfo = "BlueBuzz WatchKit App";
		};
		40D46F6E1E8065200077A7B7 /* PBXContainerItemProxy */ = {
			isa = PBXContainerItemProxy;
			containerPortal = 40D46F431E8065200077A7B7 /* Project object */;
			proxyType = 1;
			remoteGlobalIDString = 40D46F6B1E8065200077A7B7;
			remoteInfo = "BlueBuzz WatchKit Extension";
		};
/* End PBXContainerItemProxy section */

/* Begin PBXCopyFilesBuildPhase section */
		40D46F7D1E8065200077A7B7 /* Embed App Extensions */ = {
			isa = PBXCopyFilesBuildPhase;
			buildActionMask = 2147483647;
			dstPath = "";
			dstSubfolderSpec = 13;
			files = (
				40D46F6D1E8065200077A7B7 /* BlueBuzz WatchKit Extension.appex in Embed App Extensions */,
			);
			name = "Embed App Extensions";
			runOnlyForDeploymentPostprocessing = 0;
		};
		40D46F811E8065200077A7B7 /* Embed Watch Content */ = {
			isa = PBXCopyFilesBuildPhase;
			buildActionMask = 2147483647;
			dstPath = "$(CONTENTS_FOLDER_PATH)/Watch";
			dstSubfolderSpec = 16;
			files = (
				40D46F5E1E8065200077A7B7 /* BlueBuzz WatchKit App.app in Embed Watch Content */,
			);
			name = "Embed Watch Content";
			runOnlyForDeploymentPostprocessing = 0;
		};
/* End PBXCopyFilesBuildPhase section */

/* Begin PBXFileReference section */
		400DB0961EA005A000F637F0 /* ComplicationController.swift */ = {isa = PBXFileReference; fileEncoding = 4; lastKnownFileType = sourcecode.swift; path = ComplicationController.swift; sourceTree = "<group>"; };
		4076077C1E8183AF00A6A8EA /* SessionCommands.swift */ = {isa = PBXFileReference; fileEncoding = 4; lastKnownFileType = sourcecode.swift; name = SessionCommands.swift; path = Shared/SessionCommands.swift; sourceTree = "<group>"; };
		407607851E81A7F000A6A8EA /* TestDataProvider.swift */ = {isa = PBXFileReference; fileEncoding = 4; lastKnownFileType = sourcecode.swift; name = TestDataProvider.swift; path = Shared/TestDataProvider.swift; sourceTree = "<group>"; };
		40AF22981F29236300E6D1A8 /* SessionDelegater.swift */ = {isa = PBXFileReference; lastKnownFileType = sourcecode.swift; name = SessionDelegater.swift; path = Shared/SessionDelegater.swift; sourceTree = "<group>"; };
		40C02A9920A27F28006F07AE /* CommandsViewController.swift */ = {isa = PBXFileReference; lastKnownFileType = sourcecode.swift; path = CommandsViewController.swift; sourceTree = "<group>"; };
		40D46F4B1E8065200077A7B7 /* BlueBuzz.app */ = {isa = PBXFileReference; explicitFileType = wrapper.application; includeInIndex = 0; path = BlueBuzz.app; sourceTree = BUILT_PRODUCTS_DIR; };
		40D46F4E1E8065200077A7B7 /* AppDelegate.swift */ = {isa = PBXFileReference; lastKnownFileType = sourcecode.swift; path = AppDelegate.swift; sourceTree = "<group>"; };
		40D46F501E8065200077A7B7 /* MainViewController.swift */ = {isa = PBXFileReference; lastKnownFileType = sourcecode.swift; path = MainViewController.swift; sourceTree = "<group>"; };
		40D46F531E8065200077A7B7 /* Base */ = {isa = PBXFileReference; lastKnownFileType = file.storyboard; name = Base; path = Base.lproj/Main.storyboard; sourceTree = "<group>"; };
		40D46F551E8065200077A7B7 /* Assets.xcassets */ = {isa = PBXFileReference; lastKnownFileType = folder.assetcatalog; path = Assets.xcassets; sourceTree = "<group>"; };
		40D46F581E8065200077A7B7 /* Base */ = {isa = PBXFileReference; lastKnownFileType = file.storyboard; name = Base; path = Base.lproj/LaunchScreen.storyboard; sourceTree = "<group>"; };
		40D46F5A1E8065200077A7B7 /* Info.plist */ = {isa = PBXFileReference; lastKnownFileType = text.plist.xml; path = Info.plist; sourceTree = "<group>"; };
		40D46F5D1E8065200077A7B7 /* BlueBuzz WatchKit App.app */ = {isa = PBXFileReference; explicitFileType = wrapper.application; includeInIndex = 0; path = "BlueBuzz WatchKit App.app"; sourceTree = BUILT_PRODUCTS_DIR; };
		40D46F631E8065200077A7B7 /* Base */ = {isa = PBXFileReference; lastKnownFileType = file.storyboard; name = Base; path = Base.lproj/Interface.storyboard; sourceTree = "<group>"; };
		40D46F651E8065200077A7B7 /* Assets.xcassets */ = {isa = PBXFileReference; lastKnownFileType = folder.assetcatalog; path = Assets.xcassets; sourceTree = "<group>"; };
		40D46F671E8065200077A7B7 /* Info.plist */ = {isa = PBXFileReference; lastKnownFileType = text.plist.xml; path = Info.plist; sourceTree = "<group>"; };
		40D46F6C1E8065200077A7B7 /* BlueBuzz WatchKit Extension.appex */ = {isa = PBXFileReference; explicitFileType = "wrapper.app-extension"; includeInIndex = 0; path = "BlueBuzz WatchKit Extension.appex"; sourceTree = BUILT_PRODUCTS_DIR; };
		40D46F711E8065200077A7B7 /* MainInterfaceController.swift */ = {isa = PBXFileReference; lastKnownFileType = sourcecode.swift; path = MainInterfaceController.swift; sourceTree = "<group>"; };
		40D46F731E8065200077A7B7 /* ExtensionDelegate.swift */ = {isa = PBXFileReference; lastKnownFileType = sourcecode.swift; path = ExtensionDelegate.swift; sourceTree = "<group>"; };
		40D46F751E8065200077A7B7 /* Assets.xcassets */ = {isa = PBXFileReference; lastKnownFileType = folder.assetcatalog; path = Assets.xcassets; sourceTree = "<group>"; };
		40D46F771E8065200077A7B7 /* Info.plist */ = {isa = PBXFileReference; lastKnownFileType = text.plist.xml; path = Info.plist; sourceTree = "<group>"; };
		40D8B77820A554A5005F7D76 /* CommandStatus.swift */ = {isa = PBXFileReference; fileEncoding = 4; lastKnownFileType = sourcecode.swift; name = CommandStatus.swift; path = Shared/CommandStatus.swift; sourceTree = "<group>"; };
		40DC7D0E1EA8186200A93AFB /* Logger.swift */ = {isa = PBXFileReference; fileEncoding = 4; lastKnownFileType = sourcecode.swift; name = Logger.swift; path = Shared/Logger.swift; sourceTree = "<group>"; };
		40DD4D8A1EA6B6E20074E73F /* BlueBuzz.entitlements */ = {isa = PBXFileReference; lastKnownFileType = text.plist.entitlements; path = BlueBuzz.entitlements; sourceTree = "<group>"; };
		40DD4D8B1EA6B6FB0074E73F /* BlueBuzz WatchKit App.entitlements */ = {isa = PBXFileReference; lastKnownFileType = text.plist.entitlements; path = "BlueBuzz WatchKit App.entitlements"; sourceTree = "<group>"; };
		40DD4D8C1EA6B7010074E73F /* BlueBuzz WatchKit Extension.entitlements */ = {isa = PBXFileReference; lastKnownFileType = text.plist.entitlements; path = "BlueBuzz WatchKit Extension.entitlements"; sourceTree = "<group>"; };
		40DD4D8D1EA6B7510074E73F /* Settings-Watch.bundle */ = {isa = PBXFileReference; lastKnownFileType = "wrapper.plug-in"; path = "Settings-Watch.bundle"; sourceTree = "<group>"; };
		C9DDD1E0C9DDC50000000001 /* LICENSE.txt */ = {isa = PBXFileReference; includeInIndex = 1; lastKnownFileType = text; path = LICENSE.txt; sourceTree = "<group>"; };
		E60460DB22E1642600B29482 /* ModelController.swift */ = {isa = PBXFileReference; fileEncoding = 4; lastKnownFileType = sourcecode.swift; path = ModelController.swift; sourceTree = "<group>"; };
		E60460DD22E1642D00B29482 /* RootViewController.swift */ = {isa = PBXFileReference; fileEncoding = 4; lastKnownFileType = sourcecode.swift; path = RootViewController.swift; sourceTree = "<group>"; };
		E605438722D3E8C9006D121A /* BlueBuzz.entitlements */ = {isa = PBXFileReference; lastKnownFileType = text.plist.entitlements; path = BlueBuzz.entitlements; sourceTree = "<group>"; };
		E6140ED322DB79A800B961F0 /* CoreLocation.framework */ = {isa = PBXFileReference; lastKnownFileType = wrapper.framework; name = CoreLocation.framework; path = System/Library/Frameworks/CoreLocation.framework; sourceTree = SDKROOT; };
		E62DC66023050D8D000C7015 /* AirPodsController.swift */ = {isa = PBXFileReference; lastKnownFileType = sourcecode.swift; path = AirPodsController.swift; sourceTree = "<group>"; };
		E64DFAFF22D1A65B00C91B3D /* UserNotifications.framework */ = {isa = PBXFileReference; lastKnownFileType = wrapper.framework; name = UserNotifications.framework; path = Platforms/WatchOS.platform/Developer/SDKs/WatchOS5.2.sdk/System/Library/Frameworks/UserNotifications.framework; sourceTree = DEVELOPER_DIR; };
		E66EE1D722FF930D00C954FF /* FeedbackViewController.swift */ = {isa = PBXFileReference; fileEncoding = 4; lastKnownFileType = sourcecode.swift; path = FeedbackViewController.swift; sourceTree = "<group>"; };
		E66EE1DC22FF95C500C954FF /* FormControl.swift */ = {isa = PBXFileReference; fileEncoding = 4; lastKnownFileType = sourcecode.swift; path = FormControl.swift; sourceTree = "<group>"; };
		E66EE1DD22FF95C500C954FF /* Form.swift */ = {isa = PBXFileReference; fileEncoding = 4; lastKnownFileType = sourcecode.swift; path = Form.swift; sourceTree = "<group>"; };
		E66EE1DE22FF95C500C954FF /* TextField.swift */ = {isa = PBXFileReference; fileEncoding = 4; lastKnownFileType = sourcecode.swift; path = TextField.swift; sourceTree = "<group>"; };
		E66EE1E322FFC29F00C954FF /* UsernameValidator.swift */ = {isa = PBXFileReference; fileEncoding = 4; lastKnownFileType = sourcecode.swift; path = UsernameValidator.swift; sourceTree = "<group>"; };
		E66EE1E422FFC29F00C954FF /* Validator.swift */ = {isa = PBXFileReference; fileEncoding = 4; lastKnownFileType = sourcecode.swift; path = Validator.swift; sourceTree = "<group>"; };
		E66EE1E522FFC29F00C954FF /* PasswordValidator.swift */ = {isa = PBXFileReference; fileEncoding = 4; lastKnownFileType = sourcecode.swift; path = PasswordValidator.swift; sourceTree = "<group>"; };
		E66EE1E622FFC29F00C954FF /* EmailValidator.swift */ = {isa = PBXFileReference; fileEncoding = 4; lastKnownFileType = sourcecode.swift; path = EmailValidator.swift; sourceTree = "<group>"; };
		E6DAE69522F70C3C0086AC23 /* BlueBuzz WatchKit App-Bridging-Header.h */ = {isa = PBXFileReference; lastKnownFileType = sourcecode.c.h; path = "BlueBuzz WatchKit App-Bridging-Header.h"; sourceTree = "<group>"; };
		E6DAE69622F70C3D0086AC23 /* Variables.swift */ = {isa = PBXFileReference; lastKnownFileType = sourcecode.swift; name = Variables.swift; path = Shared/Variables.swift; sourceTree = "<group>"; };
		E6DAE69922F750BE0086AC23 /* SwiftyFormat.swift */ = {isa = PBXFileReference; lastKnownFileType = sourcecode.swift; name = SwiftyFormat.swift; path = Shared/SwiftyFormat.swift; sourceTree = "<group>"; };
		E6EFFF6E2313076000EEBC64 /* SplashController.swift */ = {isa = PBXFileReference; fileEncoding = 4; lastKnownFileType = sourcecode.swift; name = SplashController.swift; path = BlueBuzz/SplashController.swift; sourceTree = SOURCE_ROOT; };
/* End PBXFileReference section */

/* Begin PBXFrameworksBuildPhase section */
		00E5271E9E4FB9365D973E30 /* Frameworks */ = {
			isa = PBXFrameworksBuildPhase;
			buildActionMask = 2147483647;
			files = (
			);
			runOnlyForDeploymentPostprocessing = 0;
		};
		40D46F481E8065200077A7B7 /* Frameworks */ = {
			isa = PBXFrameworksBuildPhase;
			buildActionMask = 2147483647;
			files = (
				E6140ED422DB79A800B961F0 /* CoreLocation.framework in Frameworks */,
			);
			runOnlyForDeploymentPostprocessing = 0;
		};
		40D46F691E8065200077A7B7 /* Frameworks */ = {
			isa = PBXFrameworksBuildPhase;
			buildActionMask = 2147483647;
			files = (
				E64DFB0022D1A65B00C91B3D /* UserNotifications.framework in Frameworks */,
			);
			runOnlyForDeploymentPostprocessing = 0;
		};
/* End PBXFrameworksBuildPhase section */

/* Begin PBXGroup section */
		4076077B1E81834B00A6A8EA /* Shared */ = {
			isa = PBXGroup;
			children = (
				E66EE1F22301164700C954FF /* Core */,
				E66EE1F12301162500C954FF /* Test */,
				40D8B77820A554A5005F7D76 /* CommandStatus.swift */,
				4076077C1E8183AF00A6A8EA /* SessionCommands.swift */,
				40AF22981F29236300E6D1A8 /* SessionDelegater.swift */,
				E6DAE69622F70C3D0086AC23 /* Variables.swift */,
			);
			name = Shared;
			sourceTree = "<group>";
		};
		40D46F421E8065200077A7B7 = {
			isa = PBXGroup;
			children = (
				E605438722D3E8C9006D121A /* BlueBuzz.entitlements */,
				4076077B1E81834B00A6A8EA /* Shared */,
				40D46F4D1E8065200077A7B7 /* BlueBuzz */,
				40D46F611E8065200077A7B7 /* BlueBuzz WatchKit App */,
				40D46F701E8065200077A7B7 /* BlueBuzz WatchKit Extension */,
				40D46F4C1E8065200077A7B7 /* Products */,
				C9D96D30C9DA425000000001 /* Configuration */,
				C9DCFAF0C9DCFAC000000001 /* LICENSE */,
				E64DFAFE22D1A65B00C91B3D /* Frameworks */,
			);
			sourceTree = "<group>";
		};
		40D46F4C1E8065200077A7B7 /* Products */ = {
			isa = PBXGroup;
			children = (
				40D46F4B1E8065200077A7B7 /* BlueBuzz.app */,
				40D46F5D1E8065200077A7B7 /* BlueBuzz WatchKit App.app */,
				40D46F6C1E8065200077A7B7 /* BlueBuzz WatchKit Extension.appex */,
			);
			name = Products;
			sourceTree = "<group>";
		};
		40D46F4D1E8065200077A7B7 /* BlueBuzz */ = {
			isa = PBXGroup;
			children = (
				40DD4D8A1EA6B6E20074E73F /* BlueBuzz.entitlements */,
				40D46F551E8065200077A7B7 /* Assets.xcassets */,
				40D46F5A1E8065200077A7B7 /* Info.plist */,
				E66EE1D922FF959A00C954FF /* Forms */,
				E66EE1EB2301159600C954FF /* Controllers */,
				40D46F501E8065200077A7B7 /* MainViewController.swift */,
				E66EE1D722FF930D00C954FF /* FeedbackViewController.swift */,
				40D46F4E1E8065200077A7B7 /* AppDelegate.swift */,
				40D46F521E8065200077A7B7 /* Main.storyboard */,
				40D46F571E8065200077A7B7 /* LaunchScreen.storyboard */,
			);
			path = BlueBuzz;
			sourceTree = "<group>";
		};
		40D46F611E8065200077A7B7 /* BlueBuzz WatchKit App */ = {
			isa = PBXGroup;
			children = (
				40DD4D8B1EA6B6FB0074E73F /* BlueBuzz WatchKit App.entitlements */,
				40D46F621E8065200077A7B7 /* Interface.storyboard */,
				40D46F651E8065200077A7B7 /* Assets.xcassets */,
				40D46F671E8065200077A7B7 /* Info.plist */,
			);
			path = "BlueBuzz WatchKit App";
			sourceTree = "<group>";
		};
		40D46F701E8065200077A7B7 /* BlueBuzz WatchKit Extension */ = {
			isa = PBXGroup;
			children = (
				40DD4D8C1EA6B7010074E73F /* BlueBuzz WatchKit Extension.entitlements */,
				40D46F731E8065200077A7B7 /* ExtensionDelegate.swift */,
				40D46F711E8065200077A7B7 /* MainInterfaceController.swift */,
				400DB0961EA005A000F637F0 /* ComplicationController.swift */,
				40D46F751E8065200077A7B7 /* Assets.xcassets */,
				40D46F771E8065200077A7B7 /* Info.plist */,
			);
			path = "BlueBuzz WatchKit Extension";
			sourceTree = "<group>";
		};
		C9D96D30C9DA425000000001 /* Configuration */ = {
			isa = PBXGroup;
			children = (
			);
			name = Configuration;
			sourceTree = "<group>";
		};
		C9DCFAF0C9DCFAC000000001 /* LICENSE */ = {
			isa = PBXGroup;
			children = (
				C9DDD1E0C9DDC50000000001 /* LICENSE.txt */,
			);
			path = LICENSE;
			sourceTree = "<group>";
		};
		E64DFAFE22D1A65B00C91B3D /* Frameworks */ = {
			isa = PBXGroup;
			children = (
				E6140ED322DB79A800B961F0 /* CoreLocation.framework */,
				E64DFAFF22D1A65B00C91B3D /* UserNotifications.framework */,
			);
			name = Frameworks;
			sourceTree = "<group>";
		};
		E66EE1D922FF959A00C954FF /* Forms */ = {
			isa = PBXGroup;
			children = (
				E66EE1E222FFC28500C954FF /* Validators */,
				E66EE1DD22FF95C500C954FF /* Form.swift */,
				E66EE1DC22FF95C500C954FF /* FormControl.swift */,
				E66EE1DE22FF95C500C954FF /* TextField.swift */,
			);
			path = Forms;
			sourceTree = "<group>";
		};
		E66EE1E222FFC28500C954FF /* Validators */ = {
			isa = PBXGroup;
			children = (
				E66EE1E622FFC29F00C954FF /* EmailValidator.swift */,
				E66EE1E522FFC29F00C954FF /* PasswordValidator.swift */,
				E66EE1E322FFC29F00C954FF /* UsernameValidator.swift */,
				E66EE1E422FFC29F00C954FF /* Validator.swift */,
			);
			path = Validators;
			sourceTree = "<group>";
		};
		E66EE1EB2301159600C954FF /* Controllers */ = {
			isa = PBXGroup;
			children = (
				E60460DB22E1642600B29482 /* ModelController.swift */,
				E60460DD22E1642D00B29482 /* RootViewController.swift */,
				40C02A9920A27F28006F07AE /* CommandsViewController.swift */,
				E62DC66023050D8D000C7015 /* AirPodsController.swift */,
				E6EFFF6E2313076000EEBC64 /* SplashController.swift */,
			);
			path = Controllers;
			sourceTree = "<group>";
		};
		E66EE1F12301162500C954FF /* Test */ = {
			isa = PBXGroup;
			children = (
				407607851E81A7F000A6A8EA /* TestDataProvider.swift */,
			);
			name = Test;
			sourceTree = "<group>";
		};
		E66EE1F22301164700C954FF /* Core */ = {
			isa = PBXGroup;
			children = (
				E6DAE69522F70C3C0086AC23 /* BlueBuzz WatchKit App-Bridging-Header.h */,
				40DC7D0E1EA8186200A93AFB /* Logger.swift */,
				E6DAE69922F750BE0086AC23 /* SwiftyFormat.swift */,
				40DD4D8D1EA6B7510074E73F /* Settings-Watch.bundle */,
			);
			name = Core;
			sourceTree = "<group>";
		};
/* End PBXGroup section */

/* Begin PBXNativeTarget section */
		40D46F4A1E8065200077A7B7 /* BlueBuzz */ = {
			isa = PBXNativeTarget;
			buildConfigurationList = 40D46F821E8065200077A7B7 /* Build configuration list for PBXNativeTarget "BlueBuzz" */;
			buildPhases = (
				40D46F471E8065200077A7B7 /* Sources */,
				40D46F481E8065200077A7B7 /* Frameworks */,
				40D46F491E8065200077A7B7 /* Resources */,
				40D46F811E8065200077A7B7 /* Embed Watch Content */,
				40F176CA1EAE798400D9AC9F /* ShellScript */,
			);
			buildRules = (
			);
			dependencies = (
				40D46F601E8065200077A7B7 /* PBXTargetDependency */,
			);
			name = BlueBuzz;
			productName = BlueBuzz;
			productReference = 40D46F4B1E8065200077A7B7 /* BlueBuzz.app */;
			productType = "com.apple.product-type.application";
		};
		40D46F5C1E8065200077A7B7 /* BlueBuzz WatchKit App */ = {
			isa = PBXNativeTarget;
			buildConfigurationList = 40D46F7E1E8065200077A7B7 /* Build configuration list for PBXNativeTarget "BlueBuzz WatchKit App" */;
			buildPhases = (
				40D46F5B1E8065200077A7B7 /* Resources */,
				40D46F7D1E8065200077A7B7 /* Embed App Extensions */,
				00E5271E9E4FB9365D973E30 /* Frameworks */,
			);
			buildRules = (
			);
			dependencies = (
				40D46F6F1E8065200077A7B7 /* PBXTargetDependency */,
			);
			name = "BlueBuzz WatchKit App";
			productName = "BlueBuzz WatchKit App";
			productReference = 40D46F5D1E8065200077A7B7 /* BlueBuzz WatchKit App.app */;
			productType = "com.apple.product-type.application.watchapp2";
		};
		40D46F6B1E8065200077A7B7 /* BlueBuzz WatchKit Extension */ = {
			isa = PBXNativeTarget;
			buildConfigurationList = 40D46F7A1E8065200077A7B7 /* Build configuration list for PBXNativeTarget "BlueBuzz WatchKit Extension" */;
			buildPhases = (
				40D46F681E8065200077A7B7 /* Sources */,
				40D46F691E8065200077A7B7 /* Frameworks */,
				40D46F6A1E8065200077A7B7 /* Resources */,
				40F176CB1EAE79BF00D9AC9F /* ShellScript */,
			);
			buildRules = (
			);
			dependencies = (
			);
			name = "BlueBuzz WatchKit Extension";
			productName = "BlueBuzz WatchKit Extension";
			productReference = 40D46F6C1E8065200077A7B7 /* BlueBuzz WatchKit Extension.appex */;
			productType = "com.apple.product-type.watchkit2-extension";
		};
/* End PBXNativeTarget section */

/* Begin PBXProject section */
		40D46F431E8065200077A7B7 /* Project object */ = {
			isa = PBXProject;
			attributes = {
				LastSwiftUpdateCheck = 0830;
				LastUpgradeCheck = 1020;
				ORGANIZATIONNAME = Apple;
				TargetAttributes = {
					40D46F4A1E8065200077A7B7 = {
						CreatedOnToolsVersion = 8.3;
						DevelopmentTeam = F2VGAV7YDQ;
						LastSwiftMigration = 1020;
						ProvisioningStyle = Automatic;
						SystemCapabilities = {
							com.apple.ApplicationGroups.iOS = {
								enabled = 1;
							};
							com.apple.BackgroundModes = {
								enabled = 1;
							};
							com.apple.Push = {
								enabled = 1;
							};
						};
					};
					40D46F5C1E8065200077A7B7 = {
						CreatedOnToolsVersion = 8.3;
						DevelopmentTeam = F2VGAV7YDQ;
						LastSwiftMigration = 1030;
						ProvisioningStyle = Automatic;
						SystemCapabilities = {
							com.apple.ApplicationGroups.iOS = {
								enabled = 1;
							};
						};
					};
					40D46F6B1E8065200077A7B7 = {
						CreatedOnToolsVersion = 8.3;
						DevelopmentTeam = F2VGAV7YDQ;
						LastSwiftMigration = 1020;
						ProvisioningStyle = Automatic;
						SystemCapabilities = {
							com.apple.ApplicationGroups.iOS = {
								enabled = 1;
							};
							com.apple.BackgroundModes.watchos.extension = {
								enabled = 1;
							};
							com.apple.Keychain = {
								enabled = 0;
							};
							com.apple.Push = {
								enabled = 1;
							};
						};
					};
				};
			};
			buildConfigurationList = 40D46F461E8065200077A7B7 /* Build configuration list for PBXProject "BlueBuzz" */;
			compatibilityVersion = "Xcode 3.2";
			developmentRegion = en;
			hasScannedForEncodings = 0;
			knownRegions = (
				en,
				Base,
			);
			mainGroup = 40D46F421E8065200077A7B7;
			productRefGroup = 40D46F4C1E8065200077A7B7 /* Products */;
			projectDirPath = "";
			projectRoot = "";
			targets = (
				40D46F4A1E8065200077A7B7 /* BlueBuzz */,
				40D46F5C1E8065200077A7B7 /* BlueBuzz WatchKit App */,
				40D46F6B1E8065200077A7B7 /* BlueBuzz WatchKit Extension */,
			);
		};
/* End PBXProject section */

/* Begin PBXResourcesBuildPhase section */
		40D46F491E8065200077A7B7 /* Resources */ = {
			isa = PBXResourcesBuildPhase;
			buildActionMask = 2147483647;
			files = (
				40D46F591E8065200077A7B7 /* LaunchScreen.storyboard in Resources */,
				40D46F561E8065200077A7B7 /* Assets.xcassets in Resources */,
				40DD4D8E1EA6B7510074E73F /* Settings-Watch.bundle in Resources */,
				40D46F541E8065200077A7B7 /* Main.storyboard in Resources */,
			);
			runOnlyForDeploymentPostprocessing = 0;
		};
		40D46F5B1E8065200077A7B7 /* Resources */ = {
			isa = PBXResourcesBuildPhase;
			buildActionMask = 2147483647;
			files = (
				40D46F661E8065200077A7B7 /* Assets.xcassets in Resources */,
				40D46F641E8065200077A7B7 /* Interface.storyboard in Resources */,
				E6B6421D22DD656B002254D3 /* Settings-Watch.bundle in Resources */,
			);
			runOnlyForDeploymentPostprocessing = 0;
		};
		40D46F6A1E8065200077A7B7 /* Resources */ = {
			isa = PBXResourcesBuildPhase;
			buildActionMask = 2147483647;
			files = (
				E6B6421C22DD6569002254D3 /* Settings-Watch.bundle in Resources */,
				40D46F761E8065200077A7B7 /* Assets.xcassets in Resources */,
			);
			runOnlyForDeploymentPostprocessing = 0;
		};
/* End PBXResourcesBuildPhase section */

/* Begin PBXShellScriptBuildPhase section */
		40F176CA1EAE798400D9AC9F /* ShellScript */ = {
			isa = PBXShellScriptBuildPhase;
			buildActionMask = 2147483647;
			files = (
			);
			inputPaths = (
			);
			outputPaths = (
			);
			runOnlyForDeploymentPostprocessing = 0;
			shellPath = /bin/sh;
			shellScript = "
";
			showEnvVarsInLog = 0;
		};
		40F176CB1EAE79BF00D9AC9F /* ShellScript */ = {
			isa = PBXShellScriptBuildPhase;
			buildActionMask = 2147483647;
			files = (
			);
			inputPaths = (
			);
			outputPaths = (
			);
			runOnlyForDeploymentPostprocessing = 0;
			shellPath = /bin/sh;
			shellScript = "
";
			showEnvVarsInLog = 0;
		};
/* End PBXShellScriptBuildPhase section */

/* Begin PBXSourcesBuildPhase section */
		40D46F471E8065200077A7B7 /* Sources */ = {
			isa = PBXSourcesBuildPhase;
			buildActionMask = 2147483647;
			files = (
				E66EE1D822FF930D00C954FF /* FeedbackViewController.swift in Sources */,
				E6DAE69A22F750BE0086AC23 /* SwiftyFormat.swift in Sources */,
				E66EE1E022FF95C500C954FF /* Form.swift in Sources */,
				E66EE1E122FF95C500C954FF /* TextField.swift in Sources */,
				E60460DE22E1642D00B29482 /* RootViewController.swift in Sources */,
				E66EE1DF22FF95C500C954FF /* FormControl.swift in Sources */,
				40D46F511E8065200077A7B7 /* MainViewController.swift in Sources */,
				40D8B77920A554A5005F7D76 /* CommandStatus.swift in Sources */,
				407607861E81A7F000A6A8EA /* TestDataProvider.swift in Sources */,
				E60460DC22E1642600B29482 /* ModelController.swift in Sources */,
				E66EE1E822FFC29F00C954FF /* Validator.swift in Sources */,
				40D46F4F1E8065200077A7B7 /* AppDelegate.swift in Sources */,
				40DC7D0F1EA8186200A93AFB /* Logger.swift in Sources */,
				E6DAE69722F70C3D0086AC23 /* Variables.swift in Sources */,
				E66EE1E922FFC29F00C954FF /* PasswordValidator.swift in Sources */,
				40C02A9A20A27F28006F07AE /* CommandsViewController.swift in Sources */,
				E66EE1E722FFC29F00C954FF /* UsernameValidator.swift in Sources */,
				E66EE1EA22FFC29F00C954FF /* EmailValidator.swift in Sources */,
				40AF22991F29236300E6D1A8 /* SessionDelegater.swift in Sources */,
				E6EFFF6F2313076000EEBC64 /* SplashController.swift in Sources */,
				E62DC66123050D8D000C7015 /* AirPodsController.swift in Sources */,
				4084B0231EA057EF00ACA046 /* SessionCommands.swift in Sources */,
			);
			runOnlyForDeploymentPostprocessing = 0;
		};
		40D46F681E8065200077A7B7 /* Sources */ = {
			isa = PBXSourcesBuildPhase;
			buildActionMask = 2147483647;
			files = (
				40AF229A1F29236300E6D1A8 /* SessionDelegater.swift in Sources */,
				40D8B77A20A554A5005F7D76 /* CommandStatus.swift in Sources */,
				40D46F741E8065200077A7B7 /* ExtensionDelegate.swift in Sources */,
				E6DAE69822F70C3D0086AC23 /* Variables.swift in Sources */,
				407607871E81A7F000A6A8EA /* TestDataProvider.swift in Sources */,
				400DB0971EA005A000F637F0 /* ComplicationController.swift in Sources */,
				E6DAE69B22F750BE0086AC23 /* SwiftyFormat.swift in Sources */,
				40DC7D101EA8186200A93AFB /* Logger.swift in Sources */,
				4076077E1E8183AF00A6A8EA /* SessionCommands.swift in Sources */,
				40D46F721E8065200077A7B7 /* MainInterfaceController.swift in Sources */,
			);
			runOnlyForDeploymentPostprocessing = 0;
		};
/* End PBXSourcesBuildPhase section */

/* Begin PBXTargetDependency section */
		40D46F601E8065200077A7B7 /* PBXTargetDependency */ = {
			isa = PBXTargetDependency;
			target = 40D46F5C1E8065200077A7B7 /* BlueBuzz WatchKit App */;
			targetProxy = 40D46F5F1E8065200077A7B7 /* PBXContainerItemProxy */;
		};
		40D46F6F1E8065200077A7B7 /* PBXTargetDependency */ = {
			isa = PBXTargetDependency;
			target = 40D46F6B1E8065200077A7B7 /* BlueBuzz WatchKit Extension */;
			targetProxy = 40D46F6E1E8065200077A7B7 /* PBXContainerItemProxy */;
		};
/* End PBXTargetDependency section */

/* Begin PBXVariantGroup section */
		40D46F521E8065200077A7B7 /* Main.storyboard */ = {
			isa = PBXVariantGroup;
			children = (
				40D46F531E8065200077A7B7 /* Base */,
			);
			name = Main.storyboard;
			sourceTree = "<group>";
		};
		40D46F571E8065200077A7B7 /* LaunchScreen.storyboard */ = {
			isa = PBXVariantGroup;
			children = (
				40D46F581E8065200077A7B7 /* Base */,
			);
			name = LaunchScreen.storyboard;
			sourceTree = "<group>";
		};
		40D46F621E8065200077A7B7 /* Interface.storyboard */ = {
			isa = PBXVariantGroup;
			children = (
				40D46F631E8065200077A7B7 /* Base */,
			);
			name = Interface.storyboard;
			sourceTree = "<group>";
		};
/* End PBXVariantGroup section */

/* Begin XCBuildConfiguration section */
		40D46F781E8065200077A7B7 /* Debug */ = {
			isa = XCBuildConfiguration;
			buildSettings = {
				ALWAYS_SEARCH_USER_PATHS = NO;
				CLANG_ANALYZER_LOCALIZABILITY_NONLOCALIZED = YES;
				CLANG_ANALYZER_NONNULL = YES;
				CLANG_ANALYZER_NUMBER_OBJECT_CONVERSION = YES_AGGRESSIVE;
				CLANG_CXX_LANGUAGE_STANDARD = "gnu++0x";
				CLANG_CXX_LIBRARY = "libc++";
				CLANG_ENABLE_MODULES = YES;
				CLANG_ENABLE_OBJC_ARC = YES;
				CLANG_WARN_BLOCK_CAPTURE_AUTORELEASING = YES;
				CLANG_WARN_BOOL_CONVERSION = YES;
				CLANG_WARN_COMMA = YES;
				CLANG_WARN_CONSTANT_CONVERSION = YES;
				CLANG_WARN_DEPRECATED_OBJC_IMPLEMENTATIONS = YES;
				CLANG_WARN_DIRECT_OBJC_ISA_USAGE = YES_ERROR;
				CLANG_WARN_DOCUMENTATION_COMMENTS = YES;
				CLANG_WARN_EMPTY_BODY = YES;
				CLANG_WARN_ENUM_CONVERSION = YES;
				CLANG_WARN_INFINITE_RECURSION = YES;
				CLANG_WARN_INT_CONVERSION = YES;
				CLANG_WARN_NON_LITERAL_NULL_CONVERSION = YES;
				CLANG_WARN_OBJC_IMPLICIT_RETAIN_SELF = YES;
				CLANG_WARN_OBJC_LITERAL_CONVERSION = YES;
				CLANG_WARN_OBJC_ROOT_CLASS = YES_ERROR;
				CLANG_WARN_RANGE_LOOP_ANALYSIS = YES;
				CLANG_WARN_STRICT_PROTOTYPES = YES;
				CLANG_WARN_SUSPICIOUS_MOVE = YES;
				CLANG_WARN_UNREACHABLE_CODE = YES;
				CLANG_WARN__DUPLICATE_METHOD_MATCH = YES;
				"CODE_SIGN_IDENTITY[sdk=iphoneos*]" = "iPhone Developer";
				COPY_PHASE_STRIP = NO;
				DEBUG_INFORMATION_FORMAT = dwarf;
				ENABLE_STRICT_OBJC_MSGSEND = YES;
				ENABLE_TESTABILITY = YES;
				GCC_C_LANGUAGE_STANDARD = gnu99;
				GCC_DYNAMIC_NO_PIC = NO;
				GCC_NO_COMMON_BLOCKS = YES;
				GCC_OPTIMIZATION_LEVEL = 0;
				GCC_PREPROCESSOR_DEFINITIONS = (
					"DEBUG=1",
					"$(inherited)",
				);
				GCC_WARN_64_TO_32_BIT_CONVERSION = YES;
				GCC_WARN_ABOUT_RETURN_TYPE = YES_ERROR;
				GCC_WARN_UNDECLARED_SELECTOR = YES;
				GCC_WARN_UNINITIALIZED_AUTOS = YES_AGGRESSIVE;
				GCC_WARN_UNUSED_FUNCTION = YES;
				GCC_WARN_UNUSED_VARIABLE = YES;
				IPHONEOS_DEPLOYMENT_TARGET = 11.0;
				MTL_ENABLE_DEBUG_INFO = YES;
				ONLY_ACTIVE_ARCH = YES;
				SDKROOT = iphoneos;
				SWIFT_ACTIVE_COMPILATION_CONDITIONS = DEBUG;
				SWIFT_OPTIMIZATION_LEVEL = "-Onone";
			};
			name = Debug;
		};
		40D46F791E8065200077A7B7 /* Release */ = {
			isa = XCBuildConfiguration;
			buildSettings = {
				ALWAYS_SEARCH_USER_PATHS = NO;
				CLANG_ANALYZER_LOCALIZABILITY_NONLOCALIZED = YES;
				CLANG_ANALYZER_NONNULL = YES;
				CLANG_ANALYZER_NUMBER_OBJECT_CONVERSION = YES_AGGRESSIVE;
				CLANG_CXX_LANGUAGE_STANDARD = "gnu++0x";
				CLANG_CXX_LIBRARY = "libc++";
				CLANG_ENABLE_MODULES = YES;
				CLANG_ENABLE_OBJC_ARC = YES;
				CLANG_WARN_BLOCK_CAPTURE_AUTORELEASING = YES;
				CLANG_WARN_BOOL_CONVERSION = YES;
				CLANG_WARN_COMMA = YES;
				CLANG_WARN_CONSTANT_CONVERSION = YES;
				CLANG_WARN_DEPRECATED_OBJC_IMPLEMENTATIONS = YES;
				CLANG_WARN_DIRECT_OBJC_ISA_USAGE = YES_ERROR;
				CLANG_WARN_DOCUMENTATION_COMMENTS = YES;
				CLANG_WARN_EMPTY_BODY = YES;
				CLANG_WARN_ENUM_CONVERSION = YES;
				CLANG_WARN_INFINITE_RECURSION = YES;
				CLANG_WARN_INT_CONVERSION = YES;
				CLANG_WARN_NON_LITERAL_NULL_CONVERSION = YES;
				CLANG_WARN_OBJC_IMPLICIT_RETAIN_SELF = YES;
				CLANG_WARN_OBJC_LITERAL_CONVERSION = YES;
				CLANG_WARN_OBJC_ROOT_CLASS = YES_ERROR;
				CLANG_WARN_RANGE_LOOP_ANALYSIS = YES;
				CLANG_WARN_STRICT_PROTOTYPES = YES;
				CLANG_WARN_SUSPICIOUS_MOVE = YES;
				CLANG_WARN_UNREACHABLE_CODE = YES;
				CLANG_WARN__DUPLICATE_METHOD_MATCH = YES;
				"CODE_SIGN_IDENTITY[sdk=iphoneos*]" = "iPhone Developer";
				COPY_PHASE_STRIP = NO;
				DEBUG_INFORMATION_FORMAT = "dwarf-with-dsym";
				ENABLE_NS_ASSERTIONS = NO;
				ENABLE_STRICT_OBJC_MSGSEND = YES;
				GCC_C_LANGUAGE_STANDARD = gnu99;
				GCC_NO_COMMON_BLOCKS = YES;
				GCC_WARN_64_TO_32_BIT_CONVERSION = YES;
				GCC_WARN_ABOUT_RETURN_TYPE = YES_ERROR;
				GCC_WARN_UNDECLARED_SELECTOR = YES;
				GCC_WARN_UNINITIALIZED_AUTOS = YES_AGGRESSIVE;
				GCC_WARN_UNUSED_FUNCTION = YES;
				GCC_WARN_UNUSED_VARIABLE = YES;
				IPHONEOS_DEPLOYMENT_TARGET = 11.0;
				MTL_ENABLE_DEBUG_INFO = NO;
				SDKROOT = iphoneos;
				SWIFT_OPTIMIZATION_LEVEL = "-Owholemodule";
				VALIDATE_PRODUCT = YES;
			};
			name = Release;
		};
		40D46F7B1E8065200077A7B7 /* Debug */ = {
			isa = XCBuildConfiguration;
			buildSettings = {
				ASSETCATALOG_COMPILER_COMPLICATION_NAME = Complication;
				CODE_SIGN_ENTITLEMENTS = "BlueBuzz WatchKit Extension/BlueBuzz WatchKit Extension.entitlements";
				CODE_SIGN_IDENTITY = "iPhone Developer";
				CODE_SIGN_STYLE = Automatic;
				CURRENT_PROJECT_VERSION = 3;
				DEVELOPMENT_TEAM = F2VGAV7YDQ;
				INFOPLIST_FILE = "BlueBuzz WatchKit Extension/Info.plist";
				LD_RUNPATH_SEARCH_PATHS = "$(inherited) @executable_path/Frameworks @executable_path/../../Frameworks";
				MARKETING_VERSION = 13.1;
				PRODUCT_BUNDLE_IDENTIFIER = com.homeaidepi.bluebuzz1.watchkitapp.watchkitextension;
				PRODUCT_NAME = "${TARGET_NAME}";
				PROVISIONING_PROFILE_SPECIFIER = "";
				SDKROOT = watchos;
				SKIP_INSTALL = YES;
				SWIFT_VERSION = 5.0;
				TARGETED_DEVICE_FAMILY = 4;
				WATCHOS_DEPLOYMENT_TARGET = 5.0;
			};
			name = Debug;
		};
		40D46F7C1E8065200077A7B7 /* Release */ = {
			isa = XCBuildConfiguration;
			buildSettings = {
				ASSETCATALOG_COMPILER_COMPLICATION_NAME = Complication;
				CODE_SIGN_ENTITLEMENTS = "BlueBuzz WatchKit Extension/BlueBuzz WatchKit Extension.entitlements";
				CODE_SIGN_IDENTITY = "iPhone Developer";
				CODE_SIGN_STYLE = Automatic;
				CURRENT_PROJECT_VERSION = 3;
				DEVELOPMENT_TEAM = F2VGAV7YDQ;
				INFOPLIST_FILE = "BlueBuzz WatchKit Extension/Info.plist";
				LD_RUNPATH_SEARCH_PATHS = "$(inherited) @executable_path/Frameworks @executable_path/../../Frameworks";
				MARKETING_VERSION = 13.1;
				PRODUCT_BUNDLE_IDENTIFIER = com.homeaidepi.bluebuzz1.watchkitapp.watchkitextension;
				PRODUCT_NAME = "${TARGET_NAME}";
				PROVISIONING_PROFILE_SPECIFIER = "";
				SDKROOT = watchos;
				SKIP_INSTALL = YES;
				SWIFT_VERSION = 5.0;
				TARGETED_DEVICE_FAMILY = 4;
				WATCHOS_DEPLOYMENT_TARGET = 5.0;
			};
			name = Release;
		};
		40D46F7F1E8065200077A7B7 /* Debug */ = {
			isa = XCBuildConfiguration;
			buildSettings = {
				ALWAYS_EMBED_SWIFT_STANDARD_LIBRARIES = YES;
				ASSETCATALOG_COMPILER_APPICON_NAME = AppIcon;
				CLANG_ENABLE_MODULES = YES;
				CODE_SIGN_ENTITLEMENTS = "BlueBuzz WatchKit App/BlueBuzz WatchKit App.entitlements";
				CODE_SIGN_IDENTITY = "iPhone Developer";
				CODE_SIGN_STYLE = Automatic;
				CURRENT_PROJECT_VERSION = 3;
				DEVELOPMENT_TEAM = F2VGAV7YDQ;
				IBSC_MODULE = BlueBuzz_WatchKit_Extension;
				INFOPLIST_FILE = "BlueBuzz WatchKit App/Info.plist";
				LD_RUNPATH_SEARCH_PATHS = "$(inherited) @executable_path/../Frameworks @loader_path/../Frameworks";
				MARKETING_VERSION = 13.1;
				OTHER_LDFLAGS = "-ObjC";
				PRODUCT_BUNDLE_IDENTIFIER = com.homeaidepi.bluebuzz1.watchkitapp;
				PRODUCT_NAME = "$(TARGET_NAME)";
				PROVISIONING_PROFILE_SPECIFIER = "";
				SDKROOT = watchos;
				SKIP_INSTALL = YES;
				SWIFT_OBJC_BRIDGING_HEADER = "BlueBuzz WatchKit App-Bridging-Header.h";
				SWIFT_OPTIMIZATION_LEVEL = "-Onone";
				SWIFT_VERSION = 3.0;
				TARGETED_DEVICE_FAMILY = 4;
				WATCHOS_DEPLOYMENT_TARGET = 5.0;
			};
			name = Debug;
		};
		40D46F801E8065200077A7B7 /* Release */ = {
			isa = XCBuildConfiguration;
			buildSettings = {
				ALWAYS_EMBED_SWIFT_STANDARD_LIBRARIES = YES;
				ASSETCATALOG_COMPILER_APPICON_NAME = AppIcon;
				CLANG_ENABLE_MODULES = YES;
				CODE_SIGN_ENTITLEMENTS = "BlueBuzz WatchKit App/BlueBuzz WatchKit App.entitlements";
				CODE_SIGN_IDENTITY = "iPhone Developer";
				CODE_SIGN_STYLE = Automatic;
				CURRENT_PROJECT_VERSION = 3;
				DEVELOPMENT_TEAM = F2VGAV7YDQ;
				IBSC_MODULE = BlueBuzz_WatchKit_Extension;
				INFOPLIST_FILE = "BlueBuzz WatchKit App/Info.plist";
				LD_RUNPATH_SEARCH_PATHS = "$(inherited) @executable_path/../Frameworks @loader_path/../Frameworks";
				MARKETING_VERSION = 13.1;
				OTHER_LDFLAGS = "-ObjC";
				PRODUCT_BUNDLE_IDENTIFIER = com.homeaidepi.bluebuzz1.watchkitapp;
				PRODUCT_NAME = "$(TARGET_NAME)";
				PROVISIONING_PROFILE_SPECIFIER = "";
				SDKROOT = watchos;
				SKIP_INSTALL = YES;
				SWIFT_OBJC_BRIDGING_HEADER = "BlueBuzz WatchKit App-Bridging-Header.h";
				SWIFT_VERSION = 3.0;
				TARGETED_DEVICE_FAMILY = 4;
				WATCHOS_DEPLOYMENT_TARGET = 5.0;
			};
			name = Release;
		};
		40D46F831E8065200077A7B7 /* Debug */ = {
			isa = XCBuildConfiguration;
			buildSettings = {
				ASSETCATALOG_COMPILER_APPICON_NAME = AppIcon;
				CODE_SIGN_ENTITLEMENTS = BlueBuzz.entitlements;
				CODE_SIGN_IDENTITY = "iPhone Developer";
				CODE_SIGN_STYLE = Automatic;
				CURRENT_PROJECT_VERSION = 3;
				DEVELOPMENT_TEAM = F2VGAV7YDQ;
				INFOPLIST_FILE = BlueBuzz/Info.plist;
				IPHONEOS_DEPLOYMENT_TARGET = 11.0;
				LD_RUNPATH_SEARCH_PATHS = "$(inherited) @executable_path/Frameworks";
				MARKETING_VERSION = 13.1;
				PRODUCT_BUNDLE_IDENTIFIER = com.homeaidepi.bluebuzz1;
				PRODUCT_NAME = BlueBuzz;
				PROVISIONING_PROFILE_SPECIFIER = "";
				SWIFT_VERSION = 5.0;
				TARGETED_DEVICE_FAMILY = "1,2";
			};
			name = Debug;
		};
		40D46F841E8065200077A7B7 /* Release */ = {
			isa = XCBuildConfiguration;
			buildSettings = {
				ASSETCATALOG_COMPILER_APPICON_NAME = AppIcon;
				CODE_SIGN_ENTITLEMENTS = BlueBuzz.entitlements;
				CODE_SIGN_IDENTITY = "iPhone Developer";
				CODE_SIGN_STYLE = Automatic;
				CURRENT_PROJECT_VERSION = 3;
				DEVELOPMENT_TEAM = F2VGAV7YDQ;
				INFOPLIST_FILE = BlueBuzz/Info.plist;
				IPHONEOS_DEPLOYMENT_TARGET = 11.0;
				LD_RUNPATH_SEARCH_PATHS = "$(inherited) @executable_path/Frameworks";
				MARKETING_VERSION = 13.1;
				PRODUCT_BUNDLE_IDENTIFIER = com.homeaidepi.bluebuzz1;
				PRODUCT_NAME = BlueBuzz;
				PROVISIONING_PROFILE_SPECIFIER = "";
				SWIFT_VERSION = 5.0;
				TARGETED_DEVICE_FAMILY = "1,2";
			};
			name = Release;
		};
/* End XCBuildConfiguration section */

/* Begin XCConfigurationList section */
		40D46F461E8065200077A7B7 /* Build configuration list for PBXProject "BlueBuzz" */ = {
			isa = XCConfigurationList;
			buildConfigurations = (
				40D46F781E8065200077A7B7 /* Debug */,
				40D46F791E8065200077A7B7 /* Release */,
			);
			defaultConfigurationIsVisible = 0;
			defaultConfigurationName = Release;
		};
		40D46F7A1E8065200077A7B7 /* Build configuration list for PBXNativeTarget "BlueBuzz WatchKit Extension" */ = {
			isa = XCConfigurationList;
			buildConfigurations = (
				40D46F7B1E8065200077A7B7 /* Debug */,
				40D46F7C1E8065200077A7B7 /* Release */,
			);
			defaultConfigurationIsVisible = 0;
			defaultConfigurationName = Release;
		};
		40D46F7E1E8065200077A7B7 /* Build configuration list for PBXNativeTarget "BlueBuzz WatchKit App" */ = {
			isa = XCConfigurationList;
			buildConfigurations = (
				40D46F7F1E8065200077A7B7 /* Debug */,
				40D46F801E8065200077A7B7 /* Release */,
			);
			defaultConfigurationIsVisible = 0;
			defaultConfigurationName = Release;
		};
		40D46F821E8065200077A7B7 /* Build configuration list for PBXNativeTarget "BlueBuzz" */ = {
			isa = XCConfigurationList;
			buildConfigurations = (
				40D46F831E8065200077A7B7 /* Debug */,
				40D46F841E8065200077A7B7 /* Release */,
			);
			defaultConfigurationIsVisible = 0;
			defaultConfigurationName = Release;
		};
/* End XCConfigurationList section */
	};
	rootObject = 40D46F431E8065200077A7B7 /* Project object */;
}
